// !$*UTF8*$!
{
	archiveVersion = 1;
	classes = {
	};
	objectVersion = 50;
	objects = {

/* Begin PBXBuildFile section */
		7B55F3BE244B5EE900135C08 /* SuperheroDetailController.swift in Sources */ = {isa = PBXBuildFile; fileRef = 7B55F3BD244B5EE900135C08 /* SuperheroDetailController.swift */; };
		7B58D6D7244CC5990068A8C7 /* UIExtensions.swift in Sources */ = {isa = PBXBuildFile; fileRef = 7B58D6D6244CC5990068A8C7 /* UIExtensions.swift */; };
		7B761F052448B6FF00BE805B /* AppDelegate.swift in Sources */ = {isa = PBXBuildFile; fileRef = 7B761F042448B6FF00BE805B /* AppDelegate.swift */; };
		7B761F072448B6FF00BE805B /* SceneDelegate.swift in Sources */ = {isa = PBXBuildFile; fileRef = 7B761F062448B6FF00BE805B /* SceneDelegate.swift */; };
		7B761F092448B6FF00BE805B /* ViewController.swift in Sources */ = {isa = PBXBuildFile; fileRef = 7B761F082448B6FF00BE805B /* ViewController.swift */; };
		7B761F0C2448B6FF00BE805B /* Main.storyboard in Resources */ = {isa = PBXBuildFile; fileRef = 7B761F0A2448B6FF00BE805B /* Main.storyboard */; };
		7B761F0E2448B6FF00BE805B /* Assets.xcassets in Resources */ = {isa = PBXBuildFile; fileRef = 7B761F0D2448B6FF00BE805B /* Assets.xcassets */; };
		7B761F112448B6FF00BE805B /* LaunchScreen.storyboard in Resources */ = {isa = PBXBuildFile; fileRef = 7B761F0F2448B6FF00BE805B /* LaunchScreen.storyboard */; };
		7B761F1D2448BA3800BE805B /* SuperheroManager.swift in Sources */ = {isa = PBXBuildFile; fileRef = 7B761F1C2448BA3800BE805B /* SuperheroManager.swift */; };
		7B761F212448BA7B00BE805B /* SuperheroData.swift in Sources */ = {isa = PBXBuildFile; fileRef = 7B761F202448BA7B00BE805B /* SuperheroData.swift */; };
		7B79F562244A081000B5777A /* SuperheroCell.swift in Sources */ = {isa = PBXBuildFile; fileRef = 7B79F561244A081000B5777A /* SuperheroCell.swift */; };
/* End PBXBuildFile section */

/* Begin PBXCopyFilesBuildPhase section */
		7B55F3CE244B729200135C08 /* Embed Frameworks */ = {
			isa = PBXCopyFilesBuildPhase;
			buildActionMask = 2147483647;
			dstPath = "";
			dstSubfolderSpec = 10;
			files = (
			);
			name = "Embed Frameworks";
			runOnlyForDeploymentPostprocessing = 0;
		};
/* End PBXCopyFilesBuildPhase section */

/* Begin PBXFileReference section */
		7B55F3BD244B5EE900135C08 /* SuperheroDetailController.swift */ = {isa = PBXFileReference; lastKnownFileType = sourcecode.swift; path = SuperheroDetailController.swift; sourceTree = "<group>"; };
		7B58D6D6244CC5990068A8C7 /* UIExtensions.swift */ = {isa = PBXFileReference; lastKnownFileType = sourcecode.swift; path = UIExtensions.swift; sourceTree = "<group>"; };
		7B761F012448B6FF00BE805B /* Marvel.app */ = {isa = PBXFileReference; explicitFileType = wrapper.application; includeInIndex = 0; path = Marvel.app; sourceTree = BUILT_PRODUCTS_DIR; };
		7B761F042448B6FF00BE805B /* AppDelegate.swift */ = {isa = PBXFileReference; lastKnownFileType = sourcecode.swift; path = AppDelegate.swift; sourceTree = "<group>"; };
		7B761F062448B6FF00BE805B /* SceneDelegate.swift */ = {isa = PBXFileReference; lastKnownFileType = sourcecode.swift; path = SceneDelegate.swift; sourceTree = "<group>"; };
		7B761F082448B6FF00BE805B /* ViewController.swift */ = {isa = PBXFileReference; lastKnownFileType = sourcecode.swift; name = ViewController.swift; path = ../ViewController.swift; sourceTree = "<group>"; };
		7B761F0B2448B6FF00BE805B /* Base */ = {isa = PBXFileReference; lastKnownFileType = file.storyboard; name = Base; path = Base.lproj/Main.storyboard; sourceTree = "<group>"; };
		7B761F0D2448B6FF00BE805B /* Assets.xcassets */ = {isa = PBXFileReference; lastKnownFileType = folder.assetcatalog; path = Assets.xcassets; sourceTree = "<group>"; };
		7B761F102448B6FF00BE805B /* Base */ = {isa = PBXFileReference; lastKnownFileType = file.storyboard; name = Base; path = Base.lproj/LaunchScreen.storyboard; sourceTree = "<group>"; };
		7B761F122448B6FF00BE805B /* Info.plist */ = {isa = PBXFileReference; lastKnownFileType = text.plist.xml; name = Info.plist; path = ../Info.plist; sourceTree = "<group>"; };
		7B761F1C2448BA3800BE805B /* SuperheroManager.swift */ = {isa = PBXFileReference; lastKnownFileType = sourcecode.swift; path = SuperheroManager.swift; sourceTree = "<group>"; };
		7B761F202448BA7B00BE805B /* SuperheroData.swift */ = {isa = PBXFileReference; lastKnownFileType = sourcecode.swift; path = SuperheroData.swift; sourceTree = "<group>"; };
		7B79F561244A081000B5777A /* SuperheroCell.swift */ = {isa = PBXFileReference; lastKnownFileType = sourcecode.swift; path = SuperheroCell.swift; sourceTree = "<group>"; };
/* End PBXFileReference section */

/* Begin PBXFrameworksBuildPhase section */
		7B761EFE2448B6FF00BE805B /* Frameworks */ = {
			isa = PBXFrameworksBuildPhase;
			buildActionMask = 2147483647;
			files = (
			);
			runOnlyForDeploymentPostprocessing = 0;
		};
/* End PBXFrameworksBuildPhase section */

/* Begin PBXGroup section */
		7B58D6D5244CC56D0068A8C7 /* Extensions */ = {
			isa = PBXGroup;
			children = (
				7B58D6D6244CC5990068A8C7 /* UIExtensions.swift */,
			);
			path = Extensions;
			sourceTree = "<group>";
		};
		7B761EF82448B6FF00BE805B = {
			isa = PBXGroup;
			children = (
				7B761F032448B6FF00BE805B /* Marvel */,
				7B761F022448B6FF00BE805B /* Products */,
			);
			sourceTree = "<group>";
		};
		7B761F022448B6FF00BE805B /* Products */ = {
			isa = PBXGroup;
			children = (
				7B761F012448B6FF00BE805B /* Marvel.app */,
			);
			name = Products;
			sourceTree = "<group>";
		};
		7B761F032448B6FF00BE805B /* Marvel */ = {
			isa = PBXGroup;
			children = (
				7B58D6D5244CC56D0068A8C7 /* Extensions */,
				7B761F1B2448B98D00BE805B /* Resources */,
				7B761F182448B93B00BE805B /* Model */,
				7B761F192448B95A00BE805B /* View */,
				7B761F1A2448B96900BE805B /* Controller */,
				7B761F0F2448B6FF00BE805B /* LaunchScreen.storyboard */,
				7B761F0A2448B6FF00BE805B /* Main.storyboard */,
				7B761F042448B6FF00BE805B /* AppDelegate.swift */,
				7B761F062448B6FF00BE805B /* SceneDelegate.swift */,
			);
			path = Marvel;
			sourceTree = "<group>";
		};
		7B761F182448B93B00BE805B /* Model */ = {
			isa = PBXGroup;
			children = (
				7B761F1C2448BA3800BE805B /* SuperheroManager.swift */,
				7B761F202448BA7B00BE805B /* SuperheroData.swift */,
			);
			path = Model;
			sourceTree = "<group>";
		};
		7B761F192448B95A00BE805B /* View */ = {
			isa = PBXGroup;
			children = (
			);
			path = View;
			sourceTree = "<group>";
		};
		7B761F1A2448B96900BE805B /* Controller */ = {
			isa = PBXGroup;
			children = (
				7B761F082448B6FF00BE805B /* ViewController.swift */,
				7B79F561244A081000B5777A /* SuperheroCell.swift */,
				7B55F3BD244B5EE900135C08 /* SuperheroDetailController.swift */,
			);
			path = Controller;
			sourceTree = "<group>";
		};
		7B761F1B2448B98D00BE805B /* Resources */ = {
			isa = PBXGroup;
			children = (
				7B761F0D2448B6FF00BE805B /* Assets.xcassets */,
				7B761F122448B6FF00BE805B /* Info.plist */,
			);
			path = Resources;
			sourceTree = "<group>";
		};
/* End PBXGroup section */

/* Begin PBXNativeTarget section */
		7B761F002448B6FF00BE805B /* Marvel */ = {
			isa = PBXNativeTarget;
			buildConfigurationList = 7B761F152448B6FF00BE805B /* Build configuration list for PBXNativeTarget "Marvel" */;
			buildPhases = (
				7B761EFD2448B6FF00BE805B /* Sources */,
				7B761EFE2448B6FF00BE805B /* Frameworks */,
				7B761EFF2448B6FF00BE805B /* Resources */,
				7B55F3CE244B729200135C08 /* Embed Frameworks */,
			);
			buildRules = (
			);
			dependencies = (
			);
			name = Marvel;
			packageProductDependencies = (
			);
			productName = Marvel;
			productReference = 7B761F012448B6FF00BE805B /* Marvel.app */;
			productType = "com.apple.product-type.application";
		};
/* End PBXNativeTarget section */

/* Begin PBXProject section */
		7B761EF92448B6FF00BE805B /* Project object */ = {
			isa = PBXProject;
			attributes = {
				LastSwiftUpdateCheck = 1140;
				LastUpgradeCheck = 1140;
				ORGANIZATIONNAME = "Toni De Gea";
				TargetAttributes = {
					7B761F002448B6FF00BE805B = {
						CreatedOnToolsVersion = 11.4;
					};
				};
			};
			buildConfigurationList = 7B761EFC2448B6FF00BE805B /* Build configuration list for PBXProject "Marvel" */;
			compatibilityVersion = "Xcode 9.3";
			developmentRegion = en;
			hasScannedForEncodings = 0;
			knownRegions = (
				en,
				Base,
			);
			mainGroup = 7B761EF82448B6FF00BE805B;
			packageReferences = (
			);
			productRefGroup = 7B761F022448B6FF00BE805B /* Products */;
			projectDirPath = "";
			projectRoot = "";
			targets = (
				7B761F002448B6FF00BE805B /* Marvel */,
			);
		};
/* End PBXProject section */

/* Begin PBXResourcesBuildPhase section */
		7B761EFF2448B6FF00BE805B /* Resources */ = {
			isa = PBXResourcesBuildPhase;
			buildActionMask = 2147483647;
			files = (
				7B761F112448B6FF00BE805B /* LaunchScreen.storyboard in Resources */,
				7B761F0E2448B6FF00BE805B /* Assets.xcassets in Resources */,
				7B761F0C2448B6FF00BE805B /* Main.storyboard in Resources */,
			);
			runOnlyForDeploymentPostprocessing = 0;
		};
/* End PBXResourcesBuildPhase section */

/* Begin PBXSourcesBuildPhase section */
		7B761EFD2448B6FF00BE805B /* Sources */ = {
			isa = PBXSourcesBuildPhase;
			buildActionMask = 2147483647;
			files = (
				7B761F092448B6FF00BE805B /* ViewController.swift in Sources */,
				7B761F212448BA7B00BE805B /* SuperheroData.swift in Sources */,
				7B58D6D7244CC5990068A8C7 /* UIExtensions.swift in Sources */,
				7B761F052448B6FF00BE805B /* AppDelegate.swift in Sources */,
				7B761F072448B6FF00BE805B /* SceneDelegate.swift in Sources */,
				7B79F562244A081000B5777A /* SuperheroCell.swift in Sources */,
				7B55F3BE244B5EE900135C08 /* SuperheroDetailController.swift in Sources */,
				7B761F1D2448BA3800BE805B /* SuperheroManager.swift in Sources */,
			);
			runOnlyForDeploymentPostprocessing = 0;
		};
/* End PBXSourcesBuildPhase section */

/* Begin PBXVariantGroup section */
		7B761F0A2448B6FF00BE805B /* Main.storyboard */ = {
			isa = PBXVariantGroup;
			children = (
				7B761F0B2448B6FF00BE805B /* Base */,
			);
			name = Main.storyboard;
			sourceTree = "<group>";
		};
		7B761F0F2448B6FF00BE805B /* LaunchScreen.storyboard */ = {
			isa = PBXVariantGroup;
			children = (
				7B761F102448B6FF00BE805B /* Base */,
			);
			name = LaunchScreen.storyboard;
			sourceTree = "<group>";
		};
/* End PBXVariantGroup section */

/* Begin XCBuildConfiguration section */
		7B761F132448B6FF00BE805B /* Debug */ = {
			isa = XCBuildConfiguration;
			buildSettings = {
				ALWAYS_SEARCH_USER_PATHS = NO;
				CLANG_ANALYZER_NONNULL = YES;
				CLANG_ANALYZER_NUMBER_OBJECT_CONVERSION = YES_AGGRESSIVE;
				CLANG_CXX_LANGUAGE_STANDARD = "gnu++14";
				CLANG_CXX_LIBRARY = "libc++";
				CLANG_ENABLE_MODULES = YES;
				CLANG_ENABLE_OBJC_ARC = YES;
				CLANG_ENABLE_OBJC_WEAK = YES;
				CLANG_WARN_BLOCK_CAPTURE_AUTORELEASING = YES;
				CLANG_WARN_BOOL_CONVERSION = YES;
				CLANG_WARN_COMMA = YES;
				CLANG_WARN_CONSTANT_CONVERSION = YES;
				CLANG_WARN_DEPRECATED_OBJC_IMPLEMENTATIONS = YES;
				CLANG_WARN_DIRECT_OBJC_ISA_USAGE = YES_ERROR;
				CLANG_WARN_DOCUMENTATION_COMMENTS = YES;
				CLANG_WARN_EMPTY_BODY = YES;
				CLANG_WARN_ENUM_CONVERSION = YES;
				CLANG_WARN_INFINITE_RECURSION = YES;
				CLANG_WARN_INT_CONVERSION = YES;
				CLANG_WARN_NON_LITERAL_NULL_CONVERSION = YES;
				CLANG_WARN_OBJC_IMPLICIT_RETAIN_SELF = YES;
				CLANG_WARN_OBJC_LITERAL_CONVERSION = YES;
				CLANG_WARN_OBJC_ROOT_CLASS = YES_ERROR;
				CLANG_WARN_RANGE_LOOP_ANALYSIS = YES;
				CLANG_WARN_STRICT_PROTOTYPES = YES;
				CLANG_WARN_SUSPICIOUS_MOVE = YES;
				CLANG_WARN_UNGUARDED_AVAILABILITY = YES_AGGRESSIVE;
				CLANG_WARN_UNREACHABLE_CODE = YES;
				CLANG_WARN__DUPLICATE_METHOD_MATCH = YES;
				COPY_PHASE_STRIP = NO;
				DEBUG_INFORMATION_FORMAT = dwarf;
				ENABLE_STRICT_OBJC_MSGSEND = YES;
				ENABLE_TESTABILITY = YES;
				GCC_C_LANGUAGE_STANDARD = gnu11;
				GCC_DYNAMIC_NO_PIC = NO;
				GCC_NO_COMMON_BLOCKS = YES;
				GCC_OPTIMIZATION_LEVEL = 0;
				GCC_PREPROCESSOR_DEFINITIONS = (
					"DEBUG=1",
					"$(inherited)",
				);
				GCC_WARN_64_TO_32_BIT_CONVERSION = YES;
				GCC_WARN_ABOUT_RETURN_TYPE = YES_ERROR;
				GCC_WARN_UNDECLARED_SELECTOR = YES;
				GCC_WARN_UNINITIALIZED_AUTOS = YES_AGGRESSIVE;
				GCC_WARN_UNUSED_FUNCTION = YES;
				GCC_WARN_UNUSED_VARIABLE = YES;
				IPHONEOS_DEPLOYMENT_TARGET = 13.4;
				MTL_ENABLE_DEBUG_INFO = INCLUDE_SOURCE;
				MTL_FAST_MATH = YES;
				ONLY_ACTIVE_ARCH = YES;
				SDKROOT = iphoneos;
				SWIFT_ACTIVE_COMPILATION_CONDITIONS = DEBUG;
				SWIFT_OPTIMIZATION_LEVEL = "-Onone";
			};
			name = Debug;
		};
		7B761F142448B6FF00BE805B /* Release */ = {
			isa = XCBuildConfiguration;
			buildSettings = {
				ALWAYS_SEARCH_USER_PATHS = NO;
				CLANG_ANALYZER_NONNULL = YES;
				CLANG_ANALYZER_NUMBER_OBJECT_CONVERSION = YES_AGGRESSIVE;
				CLANG_CXX_LANGUAGE_STANDARD = "gnu++14";
				CLANG_CXX_LIBRARY = "libc++";
				CLANG_ENABLE_MODULES = YES;
				CLANG_ENABLE_OBJC_ARC = YES;
				CLANG_ENABLE_OBJC_WEAK = YES;
				CLANG_WARN_BLOCK_CAPTURE_AUTORELEASING = YES;
				CLANG_WARN_BOOL_CONVERSION = YES;
				CLANG_WARN_COMMA = YES;
				CLANG_WARN_CONSTANT_CONVERSION = YES;
				CLANG_WARN_DEPRECATED_OBJC_IMPLEMENTATIONS = YES;
				CLANG_WARN_DIRECT_OBJC_ISA_USAGE = YES_ERROR;
				CLANG_WARN_DOCUMENTATION_COMMENTS = YES;
				CLANG_WARN_EMPTY_BODY = YES;
				CLANG_WARN_ENUM_CONVERSION = YES;
				CLANG_WARN_INFINITE_RECURSION = YES;
				CLANG_WARN_INT_CONVERSION = YES;
				CLANG_WARN_NON_LITERAL_NULL_CONVERSION = YES;
				CLANG_WARN_OBJC_IMPLICIT_RETAIN_SELF = YES;
				CLANG_WARN_OBJC_LITERAL_CONVERSION = YES;
				CLANG_WARN_OBJC_ROOT_CLASS = YES_ERROR;
				CLANG_WARN_RANGE_LOOP_ANALYSIS = YES;
				CLANG_WARN_STRICT_PROTOTYPES = YES;
				CLANG_WARN_SUSPICIOUS_MOVE = YES;
				CLANG_WARN_UNGUARDED_AVAILABILITY = YES_AGGRESSIVE;
				CLANG_WARN_UNREACHABLE_CODE = YES;
				CLANG_WARN__DUPLICATE_METHOD_MATCH = YES;
				COPY_PHASE_STRIP = NO;
				DEBUG_INFORMATION_FORMAT = "dwarf-with-dsym";
				ENABLE_NS_ASSERTIONS = NO;
				ENABLE_STRICT_OBJC_MSGSEND = YES;
				GCC_C_LANGUAGE_STANDARD = gnu11;
				GCC_NO_COMMON_BLOCKS = YES;
				GCC_WARN_64_TO_32_BIT_CONVERSION = YES;
				GCC_WARN_ABOUT_RETURN_TYPE = YES_ERROR;
				GCC_WARN_UNDECLARED_SELECTOR = YES;
				GCC_WARN_UNINITIALIZED_AUTOS = YES_AGGRESSIVE;
				GCC_WARN_UNUSED_FUNCTION = YES;
				GCC_WARN_UNUSED_VARIABLE = YES;
				IPHONEOS_DEPLOYMENT_TARGET = 13.4;
				MTL_ENABLE_DEBUG_INFO = NO;
				MTL_FAST_MATH = YES;
				SDKROOT = iphoneos;
				SWIFT_COMPILATION_MODE = wholemodule;
				SWIFT_OPTIMIZATION_LEVEL = "-O";
				VALIDATE_PRODUCT = YES;
			};
			name = Release;
		};
		7B761F162448B6FF00BE805B /* Debug */ = {
			isa = XCBuildConfiguration;
			buildSettings = {
				ASSETCATALOG_COMPILER_APPICON_NAME = AppIcon;
				CODE_SIGN_STYLE = Automatic;
				DEVELOPMENT_TEAM = WVR9R599NX;
				INFOPLIST_FILE = Marvel/Info.plist;
				LD_RUNPATH_SEARCH_PATHS = (
					"$(inherited)",
					"@executable_path/Frameworks",
				);
				PRODUCT_BUNDLE_IDENTIFIER = com.ToniDeGea.Marvel;
				PRODUCT_NAME = "$(TARGET_NAME)";
				SWIFT_VERSION = 5.0;
				TARGETED_DEVICE_FAMILY = "1,2";
			};
			name = Debug;
		};
		7B761F172448B6FF00BE805B /* Release */ = {
			isa = XCBuildConfiguration;
			buildSettings = {
				ASSETCATALOG_COMPILER_APPICON_NAME = AppIcon;
				CODE_SIGN_STYLE = Automatic;
				DEVELOPMENT_TEAM = WVR9R599NX;
				INFOPLIST_FILE = Marvel/Info.plist;
				LD_RUNPATH_SEARCH_PATHS = (
					"$(inherited)",
					"@executable_path/Frameworks",
				);
				PRODUCT_BUNDLE_IDENTIFIER = com.ToniDeGea.Marvel;
				PRODUCT_NAME = "$(TARGET_NAME)";
				SWIFT_VERSION = 5.0;
				TARGETED_DEVICE_FAMILY = "1,2";
			};
			name = Release;
		};
/* End XCBuildConfiguration section */

/* Begin XCConfigurationList section */
		7B761EFC2448B6FF00BE805B /* Build configuration list for PBXProject "Marvel" */ = {
			isa = XCConfigurationList;
			buildConfigurations = (
				7B761F132448B6FF00BE805B /* Debug */,
				7B761F142448B6FF00BE805B /* Release */,
			);
			defaultConfigurationIsVisible = 0;
			defaultConfigurationName = Release;
		};
		7B761F152448B6FF00BE805B /* Build configuration list for PBXNativeTarget "Marvel" */ = {
			isa = XCConfigurationList;
			buildConfigurations = (
				7B761F162448B6FF00BE805B /* Debug */,
				7B761F172448B6FF00BE805B /* Release */,
			);
			defaultConfigurationIsVisible = 0;
			defaultConfigurationName = Release;
		};
/* End XCConfigurationList section */
	};
	rootObject = 7B761EF92448B6FF00BE805B /* Project object */;
}
